# THIS IS AN AUTOGENERATED FILE. DO NOT EDIT THIS FILE DIRECTLY.
# yarn lockfile v1


"@cspotcode/source-map-support@^0.8.0":
  "integrity" "sha512-IchNf6dN4tHoMFIn/7OE8LWZ19Y6q/67Bmf6vnGREv8RSbBVb9LPJxEcnwrcwX6ixSvaiGoomAUvu4YSxXrVgw=="
  "resolved" "https://registry.npmjs.org/@cspotcode/source-map-support/-/source-map-support-0.8.1.tgz"
  "version" "0.8.1"
  dependencies:
    "@jridgewell/trace-mapping" "0.3.9"

"@discordjs/builders@^1.6.4":
  "integrity" "sha512-ARFKvmAkLhfkQQiNxqi0YIWqwUExvBRtvdtMFVJXvJoibsGkFrB/DWTf9byU7BTVUfsmW8w7NM55tYXR5S/iSg=="
  "resolved" "https://registry.npmjs.org/@discordjs/builders/-/builders-1.6.4.tgz"
  "version" "1.6.4"
  dependencies:
    "@discordjs/formatters" "^0.3.1"
    "@discordjs/util" "^1.0.0"
    "@sapphire/shapeshift" "^3.9.2"
    "discord-api-types" "^0.37.50"
    "fast-deep-equal" "^3.1.3"
    "ts-mixer" "^6.0.3"
    "tslib" "^2.6.1"

"@discordjs/collection@^1.5.2":
  "integrity" "sha512-LDplPy8SPbc8MYkuCdnLRGWqygAX97E8NH7gA9uz+NZ/hXknUKJHuxsOmhC6pmHnF9Zmg0kvfwrDjGsRIljt9g=="
  "resolved" "https://registry.npmjs.org/@discordjs/collection/-/collection-1.5.2.tgz"
  "version" "1.5.2"

"@discordjs/formatters@^0.3.1":
  "integrity" "sha512-M7X4IGiSeh4znwcRGcs+49B5tBkNDn4k5bmhxJDAUhRxRHTiFAOTVUNQ6yAKySu5jZTnCbSvTYHW3w0rAzV1MA=="
  "resolved" "https://registry.npmjs.org/@discordjs/formatters/-/formatters-0.3.1.tgz"
  "version" "0.3.1"
  dependencies:
    "discord-api-types" "^0.37.41"

"@discordjs/rest@^2.0.0":
  "integrity" "sha512-CW9ldfzsRzUbHcS4Oqu5+Moo+yrQ5qQ9groKNxPOzcoq2nuXa/fXOXkuQtQHcTeSVXsC9cmJ56M8gBDBUyLgGA=="
  "resolved" "https://registry.npmjs.org/@discordjs/rest/-/rest-2.0.0.tgz"
  "version" "2.0.0"
  dependencies:
    "@discordjs/collection" "^1.5.2"
    "@discordjs/util" "^1.0.0"
    "@sapphire/async-queue" "^1.5.0"
    "@sapphire/snowflake" "^3.5.1"
    "@vladfrangu/async_event_emitter" "^2.2.2"
    "discord-api-types" "^0.37.50"
    "magic-bytes.js" "^1.0.15"
    "tslib" "^2.6.1"
    "undici" "^5.22.1"

"@discordjs/util@^1.0.0":
  "integrity" "sha512-U2Iiab0mo8cFe+o4ZY4GROoAetGjFYA1PhhxiXEW82LuPUjOU/seHZDtVjDpOf6n3rz4IRm84wNtgHdpqRY5CA=="
  "resolved" "https://registry.npmjs.org/@discordjs/util/-/util-1.0.0.tgz"
  "version" "1.0.0"

"@discordjs/ws@^1.0.0":
  "integrity" "sha512-POiImjuQJzwCxjJs4JCtDcTjzvjVsVQbnsaoW/F03yTVdrj/xSpmgv4383AnpNEYXI+CA6ggkz37phZDsZQ1NQ=="
  "resolved" "https://registry.npmjs.org/@discordjs/ws/-/ws-1.0.0.tgz"
  "version" "1.0.0"
  dependencies:
    "@discordjs/collection" "^1.5.2"
    "@discordjs/rest" "^2.0.0"
    "@discordjs/util" "^1.0.0"
    "@sapphire/async-queue" "^1.5.0"
    "@types/ws" "^8.5.5"
    "@vladfrangu/async_event_emitter" "^2.2.2"
    "discord-api-types" "^0.37.50"
    "tslib" "^2.6.1"
    "ws" "^8.13.0"

"@jridgewell/resolve-uri@^3.0.3":
  "integrity" "sha512-dSYZh7HhCDtCKm4QakX0xFpsRDqjjtZf/kjI/v3T3Nwt5r8/qz/M19F9ySyOqU94SXBmeG9ttTul+YnR4LOxFA=="
  "resolved" "https://registry.npmjs.org/@jridgewell/resolve-uri/-/resolve-uri-3.1.1.tgz"
  "version" "3.1.1"

"@jridgewell/sourcemap-codec@^1.4.10":
  "integrity" "sha512-eF2rxCRulEKXHTRiDrDy6erMYWqNw4LPdQ8UQA4huuxaQsVeRPFl2oM8oDGxMFhJUWZf9McpLtJasDDZb/Bpeg=="
  "resolved" "https://registry.npmjs.org/@jridgewell/sourcemap-codec/-/sourcemap-codec-1.4.15.tgz"
  "version" "1.4.15"

"@jridgewell/trace-mapping@0.3.9":
  "integrity" "sha512-3Belt6tdc8bPgAtbcmdtNJlirVoTmEb5e2gC94PnkwEW9jI6CAHUeoG85tjWP5WquqfavoMtMwiG4P926ZKKuQ=="
  "resolved" "https://registry.npmjs.org/@jridgewell/trace-mapping/-/trace-mapping-0.3.9.tgz"
  "version" "0.3.9"
  dependencies:
    "@jridgewell/resolve-uri" "^3.0.3"
    "@jridgewell/sourcemap-codec" "^1.4.10"

"@mapbox/node-pre-gyp@^1.0.0":
  "integrity" "sha512-Yhlar6v9WQgUp/He7BdgzOz8lqMQ8sU+jkCq7Wx8Myc5YFJLbEe7lgui/V7G1qB1DJykHSGwreceSaD60Y0PUQ=="
  "resolved" "https://registry.npmjs.org/@mapbox/node-pre-gyp/-/node-pre-gyp-1.0.11.tgz"
  "version" "1.0.11"
  dependencies:
    "detect-libc" "^2.0.0"
    "https-proxy-agent" "^5.0.0"
    "make-dir" "^3.1.0"
    "node-fetch" "^2.6.7"
    "nopt" "^5.0.0"
    "npmlog" "^5.0.1"
    "rimraf" "^3.0.2"
    "semver" "^7.3.5"
    "tar" "^6.1.11"

"@sapphire/async-queue@^1.5.0":
  "integrity" "sha512-JkLdIsP8fPAdh9ZZjrbHWR/+mZj0wvKS5ICibcLrRI1j84UmLMshx5n9QmL8b95d4onJ2xxiyugTgSAX7AalmA=="
  "resolved" "https://registry.npmjs.org/@sapphire/async-queue/-/async-queue-1.5.0.tgz"
  "version" "1.5.0"

"@sapphire/shapeshift@^3.9.2":
  "integrity" "sha512-YRbCXWy969oGIdqR/wha62eX8GNHsvyYi0Rfd4rNW6tSVVa8p0ELiMEuOH/k8rgtvRoM+EMV7Csqz77YdwiDpA=="
  "resolved" "https://registry.npmjs.org/@sapphire/shapeshift/-/shapeshift-3.9.2.tgz"
  "version" "3.9.2"
  dependencies:
    "fast-deep-equal" "^3.1.3"
    "lodash" "^4.17.21"

"@sapphire/snowflake@^3.5.1":
  "integrity" "sha512-BxcYGzgEsdlG0dKAyOm0ehLGm2CafIrfQTZGWgkfKYbj+pNNsorZ7EotuZukc2MT70E0UbppVbtpBrqpzVzjNA=="
  "resolved" "https://registry.npmjs.org/@sapphire/snowflake/-/snowflake-3.5.1.tgz"
  "version" "3.5.1"

"@tsconfig/node10@^1.0.7":
  "integrity" "sha512-jNsYVVxU8v5g43Erja32laIDHXeoNvFEpX33OK4d6hljo3jDhCBDhx5dhCCTMWUojscpAagGiRkBKxpdl9fxqA=="
  "resolved" "https://registry.npmjs.org/@tsconfig/node10/-/node10-1.0.9.tgz"
  "version" "1.0.9"

"@tsconfig/node12@^1.0.7":
  "integrity" "sha512-cqefuRsh12pWyGsIoBKJA9luFu3mRxCA+ORZvA4ktLSzIuCUtWVxGIuXigEwO5/ywWFMZ2QEGKWvkZG1zDMTag=="
  "resolved" "https://registry.npmjs.org/@tsconfig/node12/-/node12-1.0.11.tgz"
  "version" "1.0.11"

"@tsconfig/node14@^1.0.0":
  "integrity" "sha512-ysT8mhdixWK6Hw3i1V2AeRqZ5WfXg1G43mqoYlM2nc6388Fq5jcXyr5mRsqViLx/GJYdoL0bfXD8nmF+Zn/Iow=="
  "resolved" "https://registry.npmjs.org/@tsconfig/node14/-/node14-1.0.3.tgz"
  "version" "1.0.3"

"@tsconfig/node16@^1.0.2":
  "integrity" "sha512-vxhUy4J8lyeyinH7Azl1pdd43GJhZH/tP2weN8TntQblOY+A0XbT8DJk1/oCPuOOyg/Ja757rG0CgHcWC8OfMA=="
  "resolved" "https://registry.npmjs.org/@tsconfig/node16/-/node16-1.0.4.tgz"
  "version" "1.0.4"

"@typegoose/typegoose@^11.4.0":
  "integrity" "sha512-mOMEUBaxnSYtnGWAMsduh1+4MeJHpYN2+rhZ5rHq9mKRT8Ix3nsR0QWEnFIIqTnksL0Yt3Ww7Qj8IFzWhoIyoQ=="
  "resolved" "https://registry.npmjs.org/@typegoose/typegoose/-/typegoose-11.4.1.tgz"
  "version" "11.4.1"
  dependencies:
    "lodash" "^4.17.20"
    "loglevel" "^1.8.1"
    "reflect-metadata" "^0.1.13"
    "semver" "^7.5.4"
    "tslib" "^2.6.0"

"@types/ms@^0.7.31":
  "integrity" "sha512-iiUgKzV9AuaEkZqkOLDIvlQiL6ltuZd9tGcW3gwpnX8JbuiuhFlEGmmFXEXkN50Cvq7Os88IY2v0dkDqXYWVgA=="
  "resolved" "https://registry.npmjs.org/@types/ms/-/ms-0.7.31.tgz"
  "version" "0.7.31"

"@types/node-cron@^3.0.8":
  "integrity" "sha512-+z5VrCvLwiJUohbRSgHdyZnHzAaLuD/E2bBANw+NQ1l05Crj8dIxb/kKK+OEqRitV2Wr/LYLuEBenGDsHZVV5Q=="
  "resolved" "https://registry.npmjs.org/@types/node-cron/-/node-cron-3.0.8.tgz"
  "version" "3.0.8"

"@types/node@*", "@types/node@^20.4.2":
  "integrity" "sha512-0mHckf6D2DiIAzh8fM8f3HQCvMKDpK94YQ0DSVkfWTG9BZleYIWudw9cJxX8oCk9bM+vAkDyujDV6dmKHbvQpg=="
  "resolved" "https://registry.npmjs.org/@types/node/-/node-20.4.8.tgz"
  "version" "20.4.8"

"@types/webidl-conversions@*":
  "integrity" "sha512-xTE1E+YF4aWPJJeUzaZI5DRntlkY3+BCVJi0axFptnjGmAoWxkyREIh/XMrfxVLejwQxMCfDXdICo0VLxThrog=="
  "resolved" "https://registry.npmjs.org/@types/webidl-conversions/-/webidl-conversions-7.0.0.tgz"
  "version" "7.0.0"

"@types/whatwg-url@^8.2.1":
  "integrity" "sha512-FtQu10RWgn3D9U4aazdwIE2yzphmTJREDqNdODHrbrZmmMqI0vMheC/6NE/J1Yveaj8H+ela+YwWTjq5PGmuhA=="
  "resolved" "https://registry.npmjs.org/@types/whatwg-url/-/whatwg-url-8.2.2.tgz"
  "version" "8.2.2"
  dependencies:
    "@types/node" "*"
    "@types/webidl-conversions" "*"

"@types/ws@^8.5.5":
  "integrity" "sha512-lwhs8hktwxSjf9UaZ9tG5M03PGogvFaH8gUgLNbN9HKIg0dvv6q+gkSuJ8HN4/VbyxkuLzCjlN7GquQ0gUJfIg=="
  "resolved" "https://registry.npmjs.org/@types/ws/-/ws-8.5.5.tgz"
  "version" "8.5.5"
  dependencies:
    "@types/node" "*"

"@vladfrangu/async_event_emitter@^2.2.2":
  "integrity" "sha512-HIzRG7sy88UZjBJamssEczH5q7t5+axva19UbZLO6u0ySbYPrwzWiXBcC0WuHyhKKoeCyneH+FvYzKQq/zTtkQ=="
  "resolved" "https://registry.npmjs.org/@vladfrangu/async_event_emitter/-/async_event_emitter-2.2.2.tgz"
  "version" "2.2.2"

"abbrev@1":
  "integrity" "sha512-nne9/IiQ/hzIhY6pdDnbBtz7DjPTKrY00P/zvPSm5pOFkl6xuGrGnXn/VtTNNfNtAfZ9/1RtehkszU9qcTii0Q=="
  "resolved" "https://registry.npmjs.org/abbrev/-/abbrev-1.1.1.tgz"
  "version" "1.1.1"

"acorn-walk@^8.1.1":
  "integrity" "sha512-k+iyHEuPgSw6SbuDpGQM+06HQUa04DZ3o+F6CSzXMvvI5KMvnaEqXe+YVe555R9nn6GPt404fos4wcgpw12SDA=="
  "resolved" "https://registry.npmjs.org/acorn-walk/-/acorn-walk-8.2.0.tgz"
  "version" "8.2.0"

"acorn@^8.4.1":
  "integrity" "sha512-F0SAmZ8iUtS//m8DmCTA0jlh6TDKkHQyK6xc6V4KDTyZKA9dnvX9/3sRTVQrWm79glUAZbnmmNcdYwUIHWVybw=="
  "resolved" "https://registry.npmjs.org/acorn/-/acorn-8.10.0.tgz"
  "version" "8.10.0"

"agent-base@6":
  "integrity" "sha512-RZNwNclF7+MS/8bDg70amg32dyeZGZxiDuQmZxKLAlQjr3jGyLx+4Kkk58UO7D2QdgFIQCovuSuZESne6RG6XQ=="
  "resolved" "https://registry.npmjs.org/agent-base/-/agent-base-6.0.2.tgz"
  "version" "6.0.2"
  dependencies:
    "debug" "4"

"ansi-regex@^5.0.1":
  "integrity" "sha512-quJQXlTSUGL2LH9SUXo8VwsY4soanhgo6LNSm84E1LBcE8s3O0wpdiRzyR9z/ZZJMlMWv37qOOb9pdJlMUEKFQ=="
  "resolved" "https://registry.npmjs.org/ansi-regex/-/ansi-regex-5.0.1.tgz"
  "version" "5.0.1"

"anymatch@~3.1.2":
  "integrity" "sha512-KMReFUr0B4t+D+OBkjR3KYqvocp2XaSzO55UcB6mgQMd3KbcE+mWTyvVV7D/zsdEbNnV6acZUutkiHQXvTr1Rw=="
  "resolved" "https://registry.npmjs.org/anymatch/-/anymatch-3.1.3.tgz"
  "version" "3.1.3"
  dependencies:
    "normalize-path" "^3.0.0"
    "picomatch" "^2.0.4"

"aproba@^1.0.3 || ^2.0.0":
  "integrity" "sha512-lYe4Gx7QT+MKGbDsA+Z+he/Wtef0BiwDOlK/XkBrdfsh9J/jPPXbX0tE9x9cl27Tmu5gg3QUbUrQYa/y+KOHPQ=="
  "resolved" "https://registry.npmjs.org/aproba/-/aproba-2.0.0.tgz"
  "version" "2.0.0"

"are-we-there-yet@^2.0.0":
  "integrity" "sha512-Ci/qENmwHnsYo9xKIcUJN5LeDKdJ6R1Z1j9V/J5wyq8nh/mYPEpIKJbBZXtZjG04HiK7zV/p6Vs9952MrMeUIw=="
  "resolved" "https://registry.npmjs.org/are-we-there-yet/-/are-we-there-yet-2.0.0.tgz"
  "version" "2.0.0"
  dependencies:
    "delegates" "^1.0.0"
    "readable-stream" "^3.6.0"

"arg@^4.1.0":
  "integrity" "sha512-58S9QDqG0Xx27YwPSt9fJxivjYl432YCwfDMfZ+71RAqUrZef7LrKQZ3LHLOwCS4FLNBplP533Zx895SeOCHvA=="
  "resolved" "https://registry.npmjs.org/arg/-/arg-4.1.3.tgz"
  "version" "4.1.3"

"balanced-match@^1.0.0":
  "integrity" "sha512-3oSeUO0TMV67hN1AmbXsK4yaqU7tjiHlbxRDZOpH0KW9+CeX4bRAaX0Anxt0tx2MrpRpWwQaPwIlISEJhYU5Pw=="
  "resolved" "https://registry.npmjs.org/balanced-match/-/balanced-match-1.0.2.tgz"
  "version" "1.0.2"

"binary-extensions@^2.0.0":
  "integrity" "sha512-jDctJ/IVQbZoJykoeHbhXpOlNBqGNcwXJKJog42E5HDPUwQTSdjCHdihjj0DlnheQ7blbT6dHOafNAiS8ooQKA=="
  "resolved" "https://registry.npmjs.org/binary-extensions/-/binary-extensions-2.2.0.tgz"
  "version" "2.2.0"

"brace-expansion@^1.1.7":
  "integrity" "sha512-iCuPHDFgrHX7H2vEI/5xpz07zSHB00TpugqhmYtVmMO6518mCuRMoOYFldEBl0g187ufozdaHgWKcYFb61qGiA=="
  "resolved" "https://registry.npmjs.org/brace-expansion/-/brace-expansion-1.1.11.tgz"
  "version" "1.1.11"
  dependencies:
    "balanced-match" "^1.0.0"
    "concat-map" "0.0.1"

"braces@~3.0.2":
  "integrity" "sha512-b8um+L1RzM3WDSzvhm6gIz1yfTbBt6YTlcEKAvsmqCZZFw46z626lVj9j1yEPW33H5H+lBQpZMP1k8l+78Ha0A=="
  "resolved" "https://registry.npmjs.org/braces/-/braces-3.0.2.tgz"
  "version" "3.0.2"
  dependencies:
    "fill-range" "^7.0.1"

"bson@^5.4.0":
  "integrity" "sha512-WRZ5SQI5GfUuKnPTNmAYPiKIof3ORXAF4IRU5UcgmivNIon01rWQlw5RUH954dpu8yGL8T59YShVddIPaU/gFA=="
  "resolved" "https://registry.npmjs.org/bson/-/bson-5.4.0.tgz"
  "version" "5.4.0"

"busboy@^1.6.0":
  "integrity" "sha512-8SFQbg/0hQ9xy3UNTB0YEnsNBbWfhf7RtnzpL7TkBiTBRfrQ9Fxcnz7VJsleJpyp6rVLvXiuORqjlHi5q+PYuA=="
  "resolved" "https://registry.npmjs.org/busboy/-/busboy-1.6.0.tgz"
  "version" "1.6.0"
  dependencies:
    "streamsearch" "^1.1.0"

"canvas@^2.11.2":
  "integrity" "sha512-ItanGBMrmRV7Py2Z+Xhs7cT+FNt5K0vPL4p9EZ/UX/Mu7hFbkxSjKF2KVtPwX7UYWp7dRKnrTvReflgrItJbdw=="
  "resolved" "https://registry.npmjs.org/canvas/-/canvas-2.11.2.tgz"
  "version" "2.11.2"
  dependencies:
    "@mapbox/node-pre-gyp" "^1.0.0"
    "nan" "^2.17.0"
    "simple-get" "^3.0.3"

"chokidar@^3.5.2":
  "integrity" "sha512-Dr3sfKRP6oTcjf2JmUmFJfeVMvXBdegxB0iVQ5eb2V10uFJUCAS8OByZdVAyVb8xXNz3GjjTgj9kLWsZTqE6kw=="
  "resolved" "https://registry.npmjs.org/chokidar/-/chokidar-3.5.3.tgz"
  "version" "3.5.3"
  dependencies:
    "anymatch" "~3.1.2"
    "braces" "~3.0.2"
    "glob-parent" "~5.1.2"
    "is-binary-path" "~2.1.0"
    "is-glob" "~4.0.1"
    "normalize-path" "~3.0.0"
    "readdirp" "~3.6.0"
  optionalDependencies:
    "fsevents" "~2.3.2"

"chownr@^2.0.0":
  "integrity" "sha512-bIomtDF5KGpdogkLd9VspvFzk9KfpyyGlS8YFVZl7TGPBHL5snIOnxeshwVgPteQ9b4Eydl+pVbIyE1DcvCWgQ=="
  "resolved" "https://registry.npmjs.org/chownr/-/chownr-2.0.0.tgz"
  "version" "2.0.0"

"color-support@^1.1.2":
  "integrity" "sha512-qiBjkpbMLO/HL68y+lh4q0/O1MZFj2RX6X/KmMa3+gJD3z+WwI1ZzDHysvqHGS3mP6mznPckpXmw1nI9cJjyRg=="
  "resolved" "https://registry.npmjs.org/color-support/-/color-support-1.1.3.tgz"
  "version" "1.1.3"

"concat-map@0.0.1":
  "integrity" "sha512-/Srv4dswyQNBfohGpz9o6Yb3Gz3SrUDqBH5rTuhGR7ahtlbYKnVxw2bCFMRljaA7EXHaXZ8wsHdodFvbkhKmqg=="
  "resolved" "https://registry.npmjs.org/concat-map/-/concat-map-0.0.1.tgz"
  "version" "0.0.1"

"console-control-strings@^1.0.0", "console-control-strings@^1.1.0":
  "integrity" "sha512-ty/fTekppD2fIwRvnZAVdeOiGd1c7YXEixbgJTNzqcxJWKQnjJ/V1bNEEE6hygpM3WjwHFUVK6HTjWSzV4a8sQ=="
  "resolved" "https://registry.npmjs.org/console-control-strings/-/console-control-strings-1.1.0.tgz"
  "version" "1.1.0"

"create-require@^1.1.0":
  "integrity" "sha512-dcKFX3jn0MpIaXjisoRvexIJVEKzaq7z2rZKxf+MSr9TkdmHmsU4m2lcLojrj/FHl8mk5VxMmYA+ftRkP/3oKQ=="
  "resolved" "https://registry.npmjs.org/create-require/-/create-require-1.1.1.tgz"
  "version" "1.1.1"

"debug@^3.2.7":
  "integrity" "sha512-CFjzYYAi4ThfiQvizrFQevTTXHtnCqWfe7x1AhgEscTz6ZbLbfoLRLPugTQyBth6f8ZERVUSyWHFD/7Wu4t1XQ=="
  "resolved" "https://registry.npmjs.org/debug/-/debug-3.2.7.tgz"
  "version" "3.2.7"
  dependencies:
    "ms" "^2.1.1"

"debug@4", "debug@4.x":
  "integrity" "sha512-PRWFHuSU3eDtQJPvnNY7Jcket1j0t5OuOsFzPPzsekD52Zl8qUfFIPEiswXqIvHWGVHOgX+7G/vCNNhehwxfkQ=="
  "resolved" "https://registry.npmjs.org/debug/-/debug-4.3.4.tgz"
  "version" "4.3.4"
  dependencies:
    "ms" "2.1.2"

"decompress-response@^4.2.0":
  "integrity" "sha512-jOSne2qbyE+/r8G1VU+G/82LBs2Fs4LAsTiLSHOCOMZQl2OKZ6i8i4IyHemTe+/yIXOtTcRQMzPcgyhoFlqPkw=="
  "resolved" "https://registry.npmjs.org/decompress-response/-/decompress-response-4.2.1.tgz"
  "version" "4.2.1"
  dependencies:
    "mimic-response" "^2.0.0"

"delegates@^1.0.0":
  "integrity" "sha512-bd2L678uiWATM6m5Z1VzNCErI3jiGzt6HGY8OVICs40JQq/HALfbyNJmp0UDakEY4pMMaN0Ly5om/B1VI/+xfQ=="
  "resolved" "https://registry.npmjs.org/delegates/-/delegates-1.0.0.tgz"
  "version" "1.0.0"

"detect-libc@^2.0.0":
  "integrity" "sha512-UX6sGumvvqSaXgdKGUsgZWqcUyIXZ/vZTrlRT/iobiKhGL0zL4d3osHj3uqllWJK+i+sixDS/3COVEOFbupFyw=="
  "resolved" "https://registry.npmjs.org/detect-libc/-/detect-libc-2.0.2.tgz"
  "version" "2.0.2"

"diff@^4.0.1":
  "integrity" "sha512-58lmxKSA4BNyLz+HHMUzlOEpg09FV+ev6ZMe3vJihgdxzgcwZ8VoEEPmALCZG9LmqfVoNMMKpttIYTVG6uDY7A=="
  "resolved" "https://registry.npmjs.org/diff/-/diff-4.0.2.tgz"
  "version" "4.0.2"

"discord-api-types@^0.37.41", "discord-api-types@^0.37.50":
  "integrity" "sha512-TP99aMgY6rHuDIy056GDm1j2nGOcaLbFpjVbvAmv6N6vhkjHNqHXCHVqKtGisaQ8D15slbxTHNl/SSkPdx2syg=="
  "resolved" "https://registry.npmjs.org/discord-api-types/-/discord-api-types-0.37.52.tgz"
  "version" "0.37.52"

"discord.js@^14.12.1":
  "integrity" "sha512-gGjhTkauIPgFXxpBl0UZgyehrKhDe90cIS8Hn1xFBYQ63EuUAkKoUqRNmc/pcla6DD16s4cUz5tAbdSpXivnxw=="
  "resolved" "https://registry.npmjs.org/discord.js/-/discord.js-14.12.1.tgz"
  "version" "14.12.1"
  dependencies:
    "@discordjs/builders" "^1.6.4"
    "@discordjs/collection" "^1.5.2"
    "@discordjs/formatters" "^0.3.1"
    "@discordjs/rest" "^2.0.0"
    "@discordjs/util" "^1.0.0"
    "@discordjs/ws" "^1.0.0"
    "@sapphire/snowflake" "^3.5.1"
    "@types/ws" "^8.5.5"
    "discord-api-types" "^0.37.50"
    "fast-deep-equal" "^3.1.3"
    "lodash.snakecase" "^4.1.1"
    "tslib" "^2.6.1"
    "undici" "^5.22.1"
    "ws" "^8.13.0"

"emoji-regex@^8.0.0":
  "integrity" "sha512-MSjYzcWNOA0ewAHpz0MxpYFvwg6yjy1NG3xteoqz644VCo/RPgnr1/GGt+ic3iJTzQ8Eu3TdM14SawnVUmGE6A=="
  "resolved" "https://registry.npmjs.org/emoji-regex/-/emoji-regex-8.0.0.tgz"
  "version" "8.0.0"

"fast-deep-equal@^3.1.3":
  "integrity" "sha512-f3qQ9oQy9j2AhBe/H9VC91wLmKBCCU/gDOnKNAYG5hswO7BLKj09Hc5HYNz9cGI++xlpDCIgDaitVs03ATR84Q=="
  "resolved" "https://registry.npmjs.org/fast-deep-equal/-/fast-deep-equal-3.1.3.tgz"
  "version" "3.1.3"

"fill-range@^7.0.1":
  "integrity" "sha512-qOo9F+dMUmC2Lcb4BbVvnKJxTPjCm+RRpe4gDuGrzkL7mEVl/djYSu2OdQ2Pa302N4oqkSg9ir6jaLWJ2USVpQ=="
  "resolved" "https://registry.npmjs.org/fill-range/-/fill-range-7.0.1.tgz"
  "version" "7.0.1"
  dependencies:
    "to-regex-range" "^5.0.1"

"fs-minipass@^2.0.0":
  "integrity" "sha512-V/JgOLFCS+R6Vcq0slCuaeWEdNC3ouDlJMNIsacH2VtALiu9mV4LPrHc5cDl8k5aw6J8jwgWWpiTo5RYhmIzvg=="
  "resolved" "https://registry.npmjs.org/fs-minipass/-/fs-minipass-2.1.0.tgz"
  "version" "2.1.0"
  dependencies:
    "minipass" "^3.0.0"

"fs.realpath@^1.0.0":
  "integrity" "sha512-OO0pH2lK6a0hZnAdau5ItzHPI6pUlvI7jMVnxUQRtw4owF2wk8lOSabtGDCTP4Ggrg2MbGnWO9X8K1t4+fGMDw=="
  "resolved" "https://registry.npmjs.org/fs.realpath/-/fs.realpath-1.0.0.tgz"
  "version" "1.0.0"

"gauge@^3.0.0":
  "integrity" "sha512-+5J6MS/5XksCuXq++uFRsnUd7Ovu1XenbeuIuNRJxYWjgQbPuFhT14lAvsWfqfAmnwluf1OwMjz39HjfLPci0Q=="
  "resolved" "https://registry.npmjs.org/gauge/-/gauge-3.0.2.tgz"
  "version" "3.0.2"
  dependencies:
    "aproba" "^1.0.3 || ^2.0.0"
    "color-support" "^1.1.2"
    "console-control-strings" "^1.0.0"
    "has-unicode" "^2.0.1"
    "object-assign" "^4.1.1"
    "signal-exit" "^3.0.0"
    "string-width" "^4.2.3"
    "strip-ansi" "^6.0.1"
    "wide-align" "^1.1.2"

"glob-parent@~5.1.2":
  "integrity" "sha512-AOIgSQCepiJYwP3ARnGx+5VnTu2HBYdzbGP45eLw1vr3zB3vZLeyed1sC9hnbcOc9/SrMyM5RPQrkGz4aS9Zow=="
  "resolved" "https://registry.npmjs.org/glob-parent/-/glob-parent-5.1.2.tgz"
  "version" "5.1.2"
  dependencies:
    "is-glob" "^4.0.1"

"glob@^7.1.3":
  "integrity" "sha512-nFR0zLpU2YCaRxwoCJvL6UvCH2JFyFVIvwTLsIf21AuHlMskA1hhTdk+LlYJtOlYt9v6dvszD2BGRqBL+iQK9Q=="
  "resolved" "https://registry.npmjs.org/glob/-/glob-7.2.3.tgz"
  "version" "7.2.3"
  dependencies:
    "fs.realpath" "^1.0.0"
    "inflight" "^1.0.4"
    "inherits" "2"
    "minimatch" "^3.1.1"
    "once" "^1.3.0"
    "path-is-absolute" "^1.0.0"

"has-flag@^3.0.0":
  "integrity" "sha512-sKJf1+ceQBr4SMkvQnBDNDtf4TXpVhVGateu0t918bl30FnbE2m4vNLX+VWe/dpjlb+HugGYzW7uQXH98HPEYw=="
  "resolved" "https://registry.npmjs.org/has-flag/-/has-flag-3.0.0.tgz"
  "version" "3.0.0"

"has-unicode@^2.0.1":
  "integrity" "sha512-8Rf9Y83NBReMnx0gFzA8JImQACstCYWUplepDa9xprwwtmgEZUF0h/i5xSA625zB/I37EtrswSST6OXxwaaIJQ=="
  "resolved" "https://registry.npmjs.org/has-unicode/-/has-unicode-2.0.1.tgz"
  "version" "2.0.1"

"https-proxy-agent@^5.0.0":
  "integrity" "sha512-dFcAjpTQFgoLMzC2VwU+C/CbS7uRL0lWmxDITmqm7C+7F0Odmj6s9l6alZc6AELXhrnggM2CeWSXHGOdX2YtwA=="
  "resolved" "https://registry.npmjs.org/https-proxy-agent/-/https-proxy-agent-5.0.1.tgz"
  "version" "5.0.1"
  dependencies:
    "agent-base" "6"
    "debug" "4"

"ignore-by-default@^1.0.1":
  "integrity" "sha512-Ius2VYcGNk7T90CppJqcIkS5ooHUZyIQK+ClZfMfMNFEF9VSE73Fq+906u/CWu92x4gzZMWOwfFYckPObzdEbA=="
  "resolved" "https://registry.npmjs.org/ignore-by-default/-/ignore-by-default-1.0.1.tgz"
  "version" "1.0.1"

"inflight@^1.0.4":
  "integrity" "sha512-k92I/b08q4wvFscXCLvqfsHCrjrF7yiXsQuIVvVE7N82W3+aqpzuUdBbfhWcy/FZR3/4IgflMgKLOsvPDrGCJA=="
  "resolved" "https://registry.npmjs.org/inflight/-/inflight-1.0.6.tgz"
  "version" "1.0.6"
  dependencies:
    "once" "^1.3.0"
    "wrappy" "1"

"inherits@^2.0.3", "inherits@2":
  "integrity" "sha512-k/vGaX4/Yla3WzyMCvTQOXYeIHvqOKtnqBduzTHpzpQZzAskKMhZ2K+EnBiSM9zGSoIFeMpXKxa4dYeZIQqewQ=="
  "resolved" "https://registry.npmjs.org/inherits/-/inherits-2.0.4.tgz"
  "version" "2.0.4"

"ip@^2.0.0":
  "integrity" "sha512-WKa+XuLG1A1R0UWhl2+1XQSi+fZWMsYKffMZTTYsiZaUD8k2yDAj5atimTUD2TZkyCkNEeYE5NhFZmupOGtjYQ=="
  "resolved" "https://registry.npmjs.org/ip/-/ip-2.0.0.tgz"
  "version" "2.0.0"

"is-binary-path@~2.1.0":
  "integrity" "sha512-ZMERYes6pDydyuGidse7OsHxtbI7WVeUEozgR/g7rd0xUimYNlvZRE/K2MgZTjWy725IfelLeVcEM97mmtRGXw=="
  "resolved" "https://registry.npmjs.org/is-binary-path/-/is-binary-path-2.1.0.tgz"
  "version" "2.1.0"
  dependencies:
    "binary-extensions" "^2.0.0"

"is-extglob@^2.1.1":
  "integrity" "sha512-SbKbANkN603Vi4jEZv49LeVJMn4yGwsbzZworEoyEiutsN3nJYdbO36zfhGJ6QEDpOZIFkDtnq5JRxmvl3jsoQ=="
  "resolved" "https://registry.npmjs.org/is-extglob/-/is-extglob-2.1.1.tgz"
  "version" "2.1.1"

"is-fullwidth-code-point@^3.0.0":
  "integrity" "sha512-zymm5+u+sCsSWyD9qNaejV3DFvhCKclKdizYaJUuHA83RLjb7nSuGnddCHGv0hk+KY7BMAlsWeK4Ueg6EV6XQg=="
  "resolved" "https://registry.npmjs.org/is-fullwidth-code-point/-/is-fullwidth-code-point-3.0.0.tgz"
  "version" "3.0.0"

"is-glob@^4.0.1", "is-glob@~4.0.1":
  "integrity" "sha512-xelSayHH36ZgE7ZWhli7pW34hNbNl8Ojv5KVmkJD4hBdD3th8Tfk9vYasLM+mXWOZhFkgZfxhLSnrwRr4elSSg=="
  "resolved" "https://registry.npmjs.org/is-glob/-/is-glob-4.0.3.tgz"
  "version" "4.0.3"
  dependencies:
    "is-extglob" "^2.1.1"

"is-number@^7.0.0":
  "integrity" "sha512-41Cifkg6e8TylSpdtTpeLVMqvSBEVzTttHvERD741+pnZ8ANv0004MRL43QKPDlK9cGvNp6NZWZUBlbGXYxxng=="
  "resolved" "https://registry.npmjs.org/is-number/-/is-number-7.0.0.tgz"
  "version" "7.0.0"

"json5@^2.2.2":
  "integrity" "sha512-XmOWe7eyHYH14cLdVPoyg+GOH3rYX++KpzrylJwSW98t3Nk+U8XOl8FWKOgwtzdb8lXGf6zYwDUzeHMWfxasyg=="
  "resolved" "https://registry.npmjs.org/json5/-/json5-2.2.3.tgz"
  "version" "2.2.3"

"kareem@2.5.1":
  "integrity" "sha512-7jFxRVm+jD+rkq3kY0iZDJfsO2/t4BBPeEb2qKn2lR/9KhuksYk5hxzfRYWMPV8P/x2d0kHD306YyWLzjjH+uA=="
  "resolved" "https://registry.npmjs.org/kareem/-/kareem-2.5.1.tgz"
  "version" "2.5.1"

"lodash.snakecase@^4.1.1":
  "integrity" "sha512-QZ1d4xoBHYUeuouhEq3lk3Uq7ldgyFXGBhg04+oRLnIz8o9T65Eh+8YdroUwn846zchkA9yDsDl5CVVaV2nqYw=="
  "resolved" "https://registry.npmjs.org/lodash.snakecase/-/lodash.snakecase-4.1.1.tgz"
  "version" "4.1.1"

"lodash@^4.17.20", "lodash@^4.17.21":
  "integrity" "sha512-v2kDEe57lecTulaDIuNTPy3Ry4gLGJ6Z1O3vE1krgXZNrsQ+LFTGHVxVjcXPs17LhbZVGedAJv8XZ1tvj5FvSg=="
  "resolved" "https://registry.npmjs.org/lodash/-/lodash-4.17.21.tgz"
  "version" "4.17.21"

"loglevel@^1.8.1":
  "integrity" "sha512-tCRIJM51SHjAayKwC+QAg8hT8vg6z7GSgLJKGvzuPb1Wc+hLzqtuVLxp6/HzSPOozuK+8ErAhy7U/sVzw8Dgfg=="
  "resolved" "https://registry.npmjs.org/loglevel/-/loglevel-1.8.1.tgz"
  "version" "1.8.1"

"lru-cache@^6.0.0":
  "integrity" "sha512-Jo6dJ04CmSjuznwJSS3pUeWmd/H0ffTlkXXgwZi+eq1UCmqQwCh+eLsYOYCwY991i2Fah4h1BEMCx4qThGbsiA=="
  "resolved" "https://registry.npmjs.org/lru-cache/-/lru-cache-6.0.0.tgz"
  "version" "6.0.0"
  dependencies:
    "yallist" "^4.0.0"

"magic-bytes.js@^1.0.15":
  "integrity" "sha512-bpRmwbRHqongRhA+mXzbLWjVy7ylqmfMBYaQkSs6pac0z6hBTvsgrH0r4FBYd/UYVJBmS6Rp/O+oCCQVLzKV1g=="
  "resolved" "https://registry.npmjs.org/magic-bytes.js/-/magic-bytes.js-1.0.15.tgz"
  "version" "1.0.15"

"make-dir@^3.1.0":
  "integrity" "sha512-g3FeP20LNwhALb/6Cz6Dd4F2ngze0jz7tbzrD2wAV+o9FeNHe4rL+yK2md0J/fiSf1sa1ADhXqi5+oVwOM/eGw=="
  "resolved" "https://registry.npmjs.org/make-dir/-/make-dir-3.1.0.tgz"
  "version" "3.1.0"
  dependencies:
    "semver" "^6.0.0"

"make-error@^1.1.1":
  "integrity" "sha512-s8UhlNe7vPKomQhC1qFelMokr/Sc3AgNbso3n74mVPA5LTZwkB9NlXf4XPamLxJE8h0gh73rM94xvwRT2CVInw=="
  "resolved" "https://registry.npmjs.org/make-error/-/make-error-1.3.6.tgz"
  "version" "1.3.6"

"memory-pager@^1.0.2":
  "integrity" "sha512-ZS4Bp4r/Zoeq6+NLJpP+0Zzm0pR8whtGPf1XExKLJBAczGMnSi3It14OiNCStjQjM6NU1okjQGSxgEZN8eBYKg=="
  "resolved" "https://registry.npmjs.org/memory-pager/-/memory-pager-1.5.0.tgz"
  "version" "1.5.0"

"mimic-response@^2.0.0":
  "integrity" "sha512-wXqjST+SLt7R009ySCglWBCFpjUygmCIfD790/kVbiGmUgfYGuB14PiTd5DwVxSV4NcYHjzMkoj5LjQZwTQLEA=="
  "resolved" "https://registry.npmjs.org/mimic-response/-/mimic-response-2.1.0.tgz"
  "version" "2.1.0"

"minimatch@^3.1.1", "minimatch@^3.1.2":
  "integrity" "sha512-J7p63hRiAjw1NDEww1W7i37+ByIrOWO5XQQAzZ3VOcL0PNybwpfmV/N05zFAzwQ9USyEcX6t3UO+K5aqBQOIHw=="
  "resolved" "https://registry.npmjs.org/minimatch/-/minimatch-3.1.2.tgz"
  "version" "3.1.2"
  dependencies:
    "brace-expansion" "^1.1.7"

"minimist@^1.2.6":
  "integrity" "sha512-2yyAR8qBkN3YuheJanUpWC5U3bb5osDywNB8RzDVlDwDHbocAJveqqj1u8+SVD7jkWT4yvsHCpWqqWqAxb0zCA=="
  "resolved" "https://registry.npmjs.org/minimist/-/minimist-1.2.8.tgz"
  "version" "1.2.8"

"minipass@^3.0.0":
  "integrity" "sha512-DxiNidxSEK+tHG6zOIklvNOwm3hvCrbUrdtzY74U6HKTJxvIDfOUL5W5P2Ghd3DTkhhKPYGqeNUIh5qcM4YBfw=="
  "resolved" "https://registry.npmjs.org/minipass/-/minipass-3.3.6.tgz"
  "version" "3.3.6"
  dependencies:
    "yallist" "^4.0.0"

"minipass@^5.0.0":
  "integrity" "sha512-3FnjYuehv9k6ovOEbyOswadCDPX1piCfhV8ncmYtHOjuPwylVWsghTLo7rabjC3Rx5xD4HDx8Wm1xnMF7S5qFQ=="
  "resolved" "https://registry.npmjs.org/minipass/-/minipass-5.0.0.tgz"
  "version" "5.0.0"

"minizlib@^2.1.1":
  "integrity" "sha512-bAxsR8BVfj60DWXHE3u30oHzfl4G7khkSuPW+qvpd7jFRHm7dLxOjUk1EHACJ/hxLY8phGJ0YhYHZo7jil7Qdg=="
  "resolved" "https://registry.npmjs.org/minizlib/-/minizlib-2.1.2.tgz"
  "version" "2.1.2"
  dependencies:
    "minipass" "^3.0.0"
    "yallist" "^4.0.0"

"mkdirp@^1.0.3":
  "integrity" "sha512-vVqVZQyf3WLx2Shd0qJ9xuvqgAyKPLAiqITEtqW0oIUjzo3PePDd6fW9iFz30ef7Ysp/oiWqbhszeGWW2T6Gzw=="
  "resolved" "https://registry.npmjs.org/mkdirp/-/mkdirp-1.0.4.tgz"
  "version" "1.0.4"

"mongodb-connection-string-url@^2.6.0":
  "integrity" "sha512-WvTZlI9ab0QYtTYnuMLgobULWhokRjtC7db9LtcVfJ+Hsnyr5eo6ZtNAt3Ly24XZScGMelOcGtm7lSn0332tPQ=="
  "resolved" "https://registry.npmjs.org/mongodb-connection-string-url/-/mongodb-connection-string-url-2.6.0.tgz"
  "version" "2.6.0"
  dependencies:
    "@types/whatwg-url" "^8.2.1"
    "whatwg-url" "^11.0.0"

"mongodb@5.7.0":
  "integrity" "sha512-zm82Bq33QbqtxDf58fLWBwTjARK3NSvKYjyz997KSy6hpat0prjeX/kxjbPVyZY60XYPDNETaHkHJI2UCzSLuw=="
  "resolved" "https://registry.npmjs.org/mongodb/-/mongodb-5.7.0.tgz"
  "version" "5.7.0"
  dependencies:
    "bson" "^5.4.0"
    "mongodb-connection-string-url" "^2.6.0"
    "socks" "^2.7.1"
  optionalDependencies:
    "saslprep" "^1.0.3"

"mongoose@^7.3.4", "mongoose@~7.4.0":
  "integrity" "sha512-sNolW2hyncwvWmZjIEIwAckjaSKtC1SE86zE1v2TKm3vPTRogZfBQf+3zLYYdrgrVTzoaoICieVpct9hjcn3EQ=="
  "resolved" "https://registry.npmjs.org/mongoose/-/mongoose-7.4.2.tgz"
  "version" "7.4.2"
  dependencies:
    "bson" "^5.4.0"
    "kareem" "2.5.1"
    "mongodb" "5.7.0"
    "mpath" "0.9.0"
    "mquery" "5.0.0"
    "ms" "2.1.3"
    "sift" "16.0.1"

"mpath@0.9.0":
  "integrity" "sha512-ikJRQTk8hw5DEoFVxHG1Gn9T/xcjtdnOKIU1JTmGjZZlg9LST2mBLmcX3/ICIbgJydT2GOc15RnNy5mHmzfSew=="
  "resolved" "https://registry.npmjs.org/mpath/-/mpath-0.9.0.tgz"
  "version" "0.9.0"

"mquery@5.0.0":
  "integrity" "sha512-iQMncpmEK8R8ncT8HJGsGc9Dsp8xcgYMVSbs5jgnm1lFHTZqMJTUWTDx1LBO8+mK3tPNZWFLBghQEIOULSTHZg=="
  "resolved" "https://registry.npmjs.org/mquery/-/mquery-5.0.0.tgz"
  "version" "5.0.0"
  dependencies:
    "debug" "4.x"

"ms@^2.1.1", "ms@^2.1.3", "ms@2.1.3":
  "integrity" "sha512-6FlzubTLZG3J2a/NVCAleEhjzq5oxgHyaCU9yYXvcLsvoVaHJq/s5xXI6/XXP6tz7R9xAOtHnSO/tXtF3WRTlA=="
  "resolved" "https://registry.npmjs.org/ms/-/ms-2.1.3.tgz"
  "version" "2.1.3"

"ms@2.1.2":
  "integrity" "sha512-sGkPx+VjMtmA6MX27oA4FBFELFCZZ4S4XqeGOXCv68tT+jb3vk/RyaKWP0PTKyWtmLSM0b+adUTEvbs1PEaH2w=="
  "resolved" "https://registry.npmjs.org/ms/-/ms-2.1.2.tgz"
  "version" "2.1.2"

"nan@^2.17.0":
  "integrity" "sha512-2ZTgtl0nJsO0KQCjEpxcIr5D+Yv90plTitZt9JBfQvVJDS5seMl3FOvsh3+9CoYWXf/1l5OaZzzF6nDm4cagaQ=="
  "resolved" "https://registry.npmjs.org/nan/-/nan-2.17.0.tgz"
  "version" "2.17.0"

"node-cron@^3.0.2":
  "integrity" "sha512-iP8l0yGlNpE0e6q1o185yOApANRe47UPbLf4YxfbiNHt/RU5eBcGB/e0oudruheSf+LQeDMezqC5BVAb5wwRcQ=="
  "resolved" "https://registry.npmjs.org/node-cron/-/node-cron-3.0.2.tgz"
  "version" "3.0.2"
  dependencies:
    "uuid" "8.3.2"

"node-fetch@^2.6.7":
  "integrity" "sha512-C/fGU2E8ToujUivIO0H+tpQ6HWo4eEmchoPIoXtxCrVghxdKq+QOHqEZW7tuP3KlV3bC8FRMO5nMCC7Zm1VP6g=="
  "resolved" "https://registry.npmjs.org/node-fetch/-/node-fetch-2.6.12.tgz"
  "version" "2.6.12"
  dependencies:
    "whatwg-url" "^5.0.0"

"nodemon@^3.0.1":
  "integrity" "sha512-g9AZ7HmkhQkqXkRc20w+ZfQ73cHLbE8hnPbtaFbFtCumZsjyMhKk9LajQ07U5Ux28lvFjZ5X7HvWR1xzU8jHVw=="
  "resolved" "https://registry.npmjs.org/nodemon/-/nodemon-3.0.1.tgz"
  "version" "3.0.1"
  dependencies:
    "chokidar" "^3.5.2"
    "debug" "^3.2.7"
    "ignore-by-default" "^1.0.1"
    "minimatch" "^3.1.2"
    "pstree.remy" "^1.1.8"
    "semver" "^7.5.3"
    "simple-update-notifier" "^2.0.0"
    "supports-color" "^5.5.0"
    "touch" "^3.1.0"
    "undefsafe" "^2.0.5"

"nopt@^5.0.0":
  "integrity" "sha512-Tbj67rffqceeLpcRXrT7vKAN8CwfPeIBgM7E6iBkmKLV7bEMwpGgYLGv0jACUsECaa/vuxP0IjEont6umdMgtQ=="
  "resolved" "https://registry.npmjs.org/nopt/-/nopt-5.0.0.tgz"
  "version" "5.0.0"
  dependencies:
    "abbrev" "1"

"nopt@~1.0.10":
  "integrity" "sha512-NWmpvLSqUrgrAC9HCuxEvb+PSloHpqVu+FqcO4eeF2h5qYRhA7ev6KvelyQAKtegUbC6RypJnlEOhd8vloNKYg=="
  "resolved" "https://registry.npmjs.org/nopt/-/nopt-1.0.10.tgz"
  "version" "1.0.10"
  dependencies:
    "abbrev" "1"

"normalize-path@^3.0.0", "normalize-path@~3.0.0":
  "integrity" "sha512-6eZs5Ls3WtCisHWp9S2GUy8dqkpGi4BVSz3GaqiE6ezub0512ESztXUwUB6C6IKbQkY2Pnb/mD4WYojCRwcwLA=="
  "resolved" "https://registry.npmjs.org/normalize-path/-/normalize-path-3.0.0.tgz"
  "version" "3.0.0"

"npmlog@^5.0.1":
  "integrity" "sha512-AqZtDUWOMKs1G/8lwylVjrdYgqA4d9nu8hc+0gzRxlDb1I10+FHBGMXs6aiQHFdCUUlqH99MUMuLfzWDNDtfxw=="
  "resolved" "https://registry.npmjs.org/npmlog/-/npmlog-5.0.1.tgz"
  "version" "5.0.1"
  dependencies:
    "are-we-there-yet" "^2.0.0"
    "console-control-strings" "^1.1.0"
    "gauge" "^3.0.0"
    "set-blocking" "^2.0.0"

"object-assign@^4.1.1":
  "integrity" "sha512-rJgTQnkUnH1sFw8yT6VSU3zD3sWmu6sZhIseY8VX+GRu3P6F7Fu+JNDoXfklElbLJSnc3FUQHVe4cU5hj+BcUg=="
  "resolved" "https://registry.npmjs.org/object-assign/-/object-assign-4.1.1.tgz"
  "version" "4.1.1"

"once@^1.3.0", "once@^1.3.1":
  "integrity" "sha512-lNaJgI+2Q5URQBkccEKHTQOPaXdUxnZZElQTZY0MFUAuaEqe1E+Nyvgdz/aIyNi6Z9MzO5dv1H8n58/GELp3+w=="
  "resolved" "https://registry.npmjs.org/once/-/once-1.4.0.tgz"
  "version" "1.4.0"
  dependencies:
    "wrappy" "1"

"path-is-absolute@^1.0.0":
  "integrity" "sha512-AVbw3UJ2e9bq64vSaS9Am0fje1Pa8pbGqTTsmXfaIiMpnr5DlDhfJOuLj9Sf95ZPVDAUerDfEk88MPmPe7UCQg=="
  "resolved" "https://registry.npmjs.org/path-is-absolute/-/path-is-absolute-1.0.1.tgz"
  "version" "1.0.1"

"picomatch@^2.0.4", "picomatch@^2.2.1":
  "integrity" "sha512-JU3teHTNjmE2VCGFzuY8EXzCDVwEqB2a8fsIvwaStHhAWJEeVd1o1QD80CU6+ZdEXXSLbSsuLwJjkCBWqRQUVA=="
  "resolved" "https://registry.npmjs.org/picomatch/-/picomatch-2.3.1.tgz"
  "version" "2.3.1"

"prettier@^3.0.0":
  "integrity" "sha512-fcOWSnnpCrovBsmFZIGIy9UqK2FaI7Hqax+DIO0A9UxeVoY4iweyaFjS5TavZN97Hfehph0nhsZnjlVKzEQSrQ=="
  "resolved" "https://registry.npmjs.org/prettier/-/prettier-3.0.1.tgz"
  "version" "3.0.1"

"pstree.remy@^1.1.8":
  "integrity" "sha512-77DZwxQmxKnu3aR542U+X8FypNzbfJ+C5XQDk3uWjWxn6151aIMGthWYRXTqT1E5oJvg+ljaa2OJi+VfvCOQ8w=="
  "resolved" "https://registry.npmjs.org/pstree.remy/-/pstree.remy-1.1.8.tgz"
  "version" "1.1.8"

"punycode@^2.1.1":
  "integrity" "sha512-rRV+zQD8tVFys26lAGR9WUuS4iUAngJScM+ZRSKtvl5tKeZ2t5bvdNFdNHBW9FWR4guGHlgmsZ1G7BSm2wTbuA=="
  "resolved" "https://registry.npmjs.org/punycode/-/punycode-2.3.0.tgz"
  "version" "2.3.0"

"readable-stream@^3.6.0":
  "integrity" "sha512-9u/sniCrY3D5WdsERHzHE4G2YCXqoG5FTHUiCC4SIbr6XcLZBY05ya9EKjYek9O5xOAwjGq+1JdGBAS7Q9ScoA=="
  "resolved" "https://registry.npmjs.org/readable-stream/-/readable-stream-3.6.2.tgz"
  "version" "3.6.2"
  dependencies:
    "inherits" "^2.0.3"
    "string_decoder" "^1.1.1"
    "util-deprecate" "^1.0.1"

"readdirp@~3.6.0":
  "integrity" "sha512-hOS089on8RduqdbhvQ5Z37A0ESjsqz6qnRcffsMU3495FuTdqSm+7bhJ29JvIOsBDEEnan5DPu9t3To9VRlMzA=="
  "resolved" "https://registry.npmjs.org/readdirp/-/readdirp-3.6.0.tgz"
  "version" "3.6.0"
  dependencies:
    "picomatch" "^2.2.1"

"reflect-metadata@^0.1.13":
  "integrity" "sha512-Ts1Y/anZELhSsjMcU605fU9RE4Oi3p5ORujwbIKXfWa+0Zxs510Qrmrce5/Jowq3cHSZSJqBjypxmHarc+vEWg=="
  "resolved" "https://registry.npmjs.org/reflect-metadata/-/reflect-metadata-0.1.13.tgz"
  "version" "0.1.13"

"rimraf@^3.0.2":
  "integrity" "sha512-JZkJMZkAGFFPP2YqXZXPbMlMBgsxzE8ILs4lMIX/2o0L9UBw9O/Y3o6wFw/i9YLapcUJWwqbi3kdxIPdC62TIA=="
  "resolved" "https://registry.npmjs.org/rimraf/-/rimraf-3.0.2.tgz"
  "version" "3.0.2"
  dependencies:
    "glob" "^7.1.3"

"safe-buffer@~5.2.0":
  "integrity" "sha512-rp3So07KcdmmKbGvgaNxQSJr7bGVSVk5S9Eq1F+ppbRo70+YeaDxkw5Dd8NPN+GD6bjnYm2VuPuCXmpuYvmCXQ=="
  "resolved" "https://registry.npmjs.org/safe-buffer/-/safe-buffer-5.2.1.tgz"
  "version" "5.2.1"

"saslprep@^1.0.3":
  "integrity" "sha512-/MY/PEMbk2SuY5sScONwhUDsV2p77Znkb/q3nSVstq/yQzYJOH/Azh29p9oJLsl3LnQwSvZDKagDGBsBwSooag=="
  "resolved" "https://registry.npmjs.org/saslprep/-/saslprep-1.0.3.tgz"
  "version" "1.0.3"
  dependencies:
    "sparse-bitfield" "^3.0.3"

"semver@^6.0.0":
  "integrity" "sha512-BR7VvDCVHO+q2xBEWskxS6DJE1qRnb7DxzUrogb71CWoSficBxYsiAGd+Kl0mmq/MprG9yArRkyrQxTO6XjMzA=="
  "resolved" "https://registry.npmjs.org/semver/-/semver-6.3.1.tgz"
  "version" "6.3.1"

"semver@^7.3.5", "semver@^7.5.3", "semver@^7.5.4":
  "integrity" "sha512-1bCSESV6Pv+i21Hvpxp3Dx+pSD8lIPt8uVjRrxAUt/nbswYc+tK6Y2btiULjd4+fnq15PX+nqQDC7Oft7WkwcA=="
  "resolved" "https://registry.npmjs.org/semver/-/semver-7.5.4.tgz"
  "version" "7.5.4"
  dependencies:
    "lru-cache" "^6.0.0"

"set-blocking@^2.0.0":
  "integrity" "sha512-KiKBS8AnWGEyLzofFfmvKwpdPzqiy16LvQfK3yv/fVH7Bj13/wl3JSR1J+rfgRE9q7xUJK4qvgS8raSOeLUehw=="
  "resolved" "https://registry.npmjs.org/set-blocking/-/set-blocking-2.0.0.tgz"
  "version" "2.0.0"

"sift@16.0.1":
  "integrity" "sha512-Wv6BjQ5zbhW7VFefWusVP33T/EM0vYikCaQ2qR8yULbsilAT8/wQaXvuQ3ptGLpoKx+lihJE3y2UTgKDyyNHZQ=="
  "resolved" "https://registry.npmjs.org/sift/-/sift-16.0.1.tgz"
  "version" "16.0.1"

"signal-exit@^3.0.0":
  "integrity" "sha512-wnD2ZE+l+SPC/uoS0vXeE9L1+0wuaMqKlfz9AMUo38JsyLSBWSFcHR1Rri62LZc12vLr1gb3jl7iwQhgwpAbGQ=="
  "resolved" "https://registry.npmjs.org/signal-exit/-/signal-exit-3.0.7.tgz"
  "version" "3.0.7"

"simple-concat@^1.0.0":
  "integrity" "sha512-cSFtAPtRhljv69IK0hTVZQ+OfE9nePi/rtJmw5UjHeVyVroEqJXP1sFztKUy1qU+xvz3u/sfYJLa947b7nAN2Q=="
  "resolved" "https://registry.npmjs.org/simple-concat/-/simple-concat-1.0.1.tgz"
  "version" "1.0.1"

"simple-get@^3.0.3":
  "integrity" "sha512-CQ5LTKGfCpvE1K0n2us+kuMPbk/q0EKl82s4aheV9oXjFEz6W/Y7oQFVJuU6QG77hRT4Ghb5RURteF5vnWjupA=="
  "resolved" "https://registry.npmjs.org/simple-get/-/simple-get-3.1.1.tgz"
  "version" "3.1.1"
  dependencies:
    "decompress-response" "^4.2.0"
    "once" "^1.3.1"
    "simple-concat" "^1.0.0"

"simple-update-notifier@^2.0.0":
  "integrity" "sha512-a2B9Y0KlNXl9u/vsW6sTIu9vGEpfKu2wRV6l1H3XEas/0gUIzGzBoP/IouTcUQbm9JWZLH3COxyn03TYlFax6w=="
  "resolved" "https://registry.npmjs.org/simple-update-notifier/-/simple-update-notifier-2.0.0.tgz"
  "version" "2.0.0"
  dependencies:
    "semver" "^7.5.3"

"smart-buffer@^4.2.0":
  "integrity" "sha512-94hK0Hh8rPqQl2xXc3HsaBoOXKV20MToPkcXvwbISWLEs+64sBq5kFgn2kJDHb1Pry9yrP0dxrCI9RRci7RXKg=="
  "resolved" "https://registry.npmjs.org/smart-buffer/-/smart-buffer-4.2.0.tgz"
  "version" "4.2.0"

"socks@^2.7.1":
  "integrity" "sha512-7maUZy1N7uo6+WVEX6psASxtNlKaNVMlGQKkG/63nEDdLOWNbiUMoLK7X4uYoLhQstau72mLgfEWcXcwsaHbYQ=="
  "resolved" "https://registry.npmjs.org/socks/-/socks-2.7.1.tgz"
  "version" "2.7.1"
  dependencies:
    "ip" "^2.0.0"
    "smart-buffer" "^4.2.0"

"sparse-bitfield@^3.0.3":
  "integrity" "sha512-kvzhi7vqKTfkh0PZU+2D2PIllw2ymqJKujUcyPMd9Y75Nv4nPbGJZXNhxsgdQab2BmlDct1YnfQCguEvHr7VsQ=="
  "resolved" "https://registry.npmjs.org/sparse-bitfield/-/sparse-bitfield-3.0.3.tgz"
  "version" "3.0.3"
  dependencies:
    "memory-pager" "^1.0.2"

"streamsearch@^1.1.0":
  "integrity" "sha512-Mcc5wHehp9aXz1ax6bZUyY5afg9u2rv5cqQI3mRrYkGC8rW2hM02jWuwjtL++LS5qinSyhj2QfLyNsuc+VsExg=="
  "resolved" "https://registry.npmjs.org/streamsearch/-/streamsearch-1.1.0.tgz"
  "version" "1.1.0"

"string_decoder@^1.1.1":
  "integrity" "sha512-hkRX8U1WjJFd8LsDJ2yQ/wWWxaopEsABU1XfkM8A+j0+85JAGppt16cr1Whg6KIbb4okU6Mql6BOj+uup/wKeA=="
  "resolved" "https://registry.npmjs.org/string_decoder/-/string_decoder-1.3.0.tgz"
  "version" "1.3.0"
  dependencies:
    "safe-buffer" "~5.2.0"

"string-width@^1.0.2 || 2 || 3 || 4", "string-width@^4.2.3":
  "integrity" "sha512-wKyQRQpjJ0sIp62ErSZdGsjMJWsap5oRNihHhu6G7JVO/9jIB6UyevL+tXuOqrng8j/cxKTWyWUwvSTriiZz/g=="
  "resolved" "https://registry.npmjs.org/string-width/-/string-width-4.2.3.tgz"
  "version" "4.2.3"
  dependencies:
    "emoji-regex" "^8.0.0"
    "is-fullwidth-code-point" "^3.0.0"
    "strip-ansi" "^6.0.1"

"strip-ansi@^6.0.1":
  "integrity" "sha512-Y38VPSHcqkFrCpFnQ9vuSXmquuv5oXOKpGeT6aGrr3o3Gc9AlVa6JBfUSOCnbxGGZF+/0ooI7KrPuUSztUdU5A=="
  "resolved" "https://registry.npmjs.org/strip-ansi/-/strip-ansi-6.0.1.tgz"
  "version" "6.0.1"
  dependencies:
    "ansi-regex" "^5.0.1"

"strip-bom@^3.0.0":
  "integrity" "sha512-vavAMRXOgBVNF6nyEEmL3DBK19iRpDcoIwW+swQ+CbGiu7lju6t+JklA1MHweoWtadgt4ISVUsXLyDq34ddcwA=="
  "resolved" "https://registry.npmjs.org/strip-bom/-/strip-bom-3.0.0.tgz"
  "version" "3.0.0"

"supports-color@^5.5.0":
  "integrity" "sha512-QjVjwdXIt408MIiAqCX4oUKsgU2EqAGzs2Ppkm4aQYbjm+ZEWEcW4SfFNTr4uMNZma0ey4f5lgLrkB0aX0QMow=="
  "resolved" "https://registry.npmjs.org/supports-color/-/supports-color-5.5.0.tgz"
  "version" "5.5.0"
  dependencies:
    "has-flag" "^3.0.0"

"tar@^6.1.11":
  "integrity" "sha512-/zKt9UyngnxIT/EAGYuxaMYgOIJiP81ab9ZfkILq4oNLPFX50qyYmu7jRj9qeXoxmJHjGlbH0+cm2uy1WCs10A=="
  "resolved" "https://registry.npmjs.org/tar/-/tar-6.1.15.tgz"
  "version" "6.1.15"
  dependencies:
    "chownr" "^2.0.0"
    "fs-minipass" "^2.0.0"
    "minipass" "^5.0.0"
    "minizlib" "^2.1.1"
    "mkdirp" "^1.0.3"
    "yallist" "^4.0.0"

"to-regex-range@^5.0.1":
  "integrity" "sha512-65P7iz6X5yEr1cwcgvQxbbIw7Uk3gOy5dIdtZ4rDveLqhrdJP+Li/Hx6tyK0NEb+2GCyneCMJiGqrADCSNk8sQ=="
  "resolved" "https://registry.npmjs.org/to-regex-range/-/to-regex-range-5.0.1.tgz"
  "version" "5.0.1"
  dependencies:
    "is-number" "^7.0.0"

"touch@^3.1.0":
  "integrity" "sha512-WBx8Uy5TLtOSRtIq+M03/sKDrXCLHxwDcquSP2c43Le03/9serjQBIztjRz6FkJez9D/hleyAXTBGLwwZUw9lA=="
  "resolved" "https://registry.npmjs.org/touch/-/touch-3.1.0.tgz"
  "version" "3.1.0"
  dependencies:
    "nopt" "~1.0.10"

"tr46@^3.0.0":
  "integrity" "sha512-l7FvfAHlcmulp8kr+flpQZmVwtu7nfRV7NZujtN0OqES8EL4O4e0qqzL0DC5gAvx/ZC/9lk6rhcUwYvkBnBnYA=="
  "resolved" "https://registry.npmjs.org/tr46/-/tr46-3.0.0.tgz"
  "version" "3.0.0"
  dependencies:
    "punycode" "^2.1.1"

"tr46@~0.0.3":
  "integrity" "sha512-N3WMsuqV66lT30CrXNbEjx4GEwlow3v6rr4mCcv6prnfwhS01rkgyFdjPNBYd9br7LpXV1+Emh01fHnq2Gdgrw=="
  "resolved" "https://registry.npmjs.org/tr46/-/tr46-0.0.3.tgz"
  "version" "0.0.3"

"ts-mixer@^6.0.3":
  "integrity" "sha512-k43M7uCG1AkTyxgnmI5MPwKoUvS/bRvLvUb7+Pgpdlmok8AoqmUaZxUUw8zKM5B1lqZrt41GjYgnvAi0fppqgQ=="
  "resolved" "https://registry.npmjs.org/ts-mixer/-/ts-mixer-6.0.3.tgz"
  "version" "6.0.3"

"ts-node@^10.9.1":
  "integrity" "sha512-NtVysVPkxxrwFGUUxGYhfux8k78pQB3JqYBXlLRZgdGUqTO5wU/UyHop5p70iEbGhB7q5KmiZiU0Y3KlJrScEw=="
  "resolved" "https://registry.npmjs.org/ts-node/-/ts-node-10.9.1.tgz"
  "version" "10.9.1"
  dependencies:
    "@cspotcode/source-map-support" "^0.8.0"
    "@tsconfig/node10" "^1.0.7"
    "@tsconfig/node12" "^1.0.7"
    "@tsconfig/node14" "^1.0.0"
    "@tsconfig/node16" "^1.0.2"
    "acorn" "^8.4.1"
    "acorn-walk" "^8.1.1"
    "arg" "^4.1.0"
    "create-require" "^1.1.0"
    "diff" "^4.0.1"
    "make-error" "^1.1.1"
    "v8-compile-cache-lib" "^3.0.1"
    "yn" "3.1.1"

"tsconfig-paths@^4.2.0":
  "integrity" "sha512-NoZ4roiN7LnbKn9QqE1amc9DJfzvZXxF4xDavcOWt1BPkdx+m+0gJuPM+S0vCe7zTJMYUP0R8pO2XMr+Y8oLIg=="
  "resolved" "https://registry.npmjs.org/tsconfig-paths/-/tsconfig-paths-4.2.0.tgz"
  "version" "4.2.0"
  dependencies:
    "json5" "^2.2.2"
    "minimist" "^1.2.6"
    "strip-bom" "^3.0.0"

"tslib@^2.6.0", "tslib@^2.6.1":
  "integrity" "sha512-t0hLfiEKfMUoqhG+U1oid7Pva4bbDPHYfJNiB7BiIjRkj1pyC++4N3huJfqY6aRH6VTB0rvtzQwjM4K6qpfOig=="
  "resolved" "https://registry.npmjs.org/tslib/-/tslib-2.6.1.tgz"
  "version" "2.6.1"

"typescript@^5.1.6", "typescript@>=2.7":
  "integrity" "sha512-zaWCozRZ6DLEWAWFrVDz1H6FVXzUSfTy5FUMWsQlU8Ym5JP9eO4xkTIROFCQvhQf61z6O/G6ugw3SgAnvvm+HA=="
  "resolved" "https://registry.npmjs.org/typescript/-/typescript-5.1.6.tgz"
  "version" "5.1.6"

"undefsafe@^2.0.5":
  "integrity" "sha512-WxONCrssBM8TSPRqN5EmsjVrsv4A8X12J4ArBiiayv3DyyG3ZlIg6yysuuSYdZsVz3TKcTg2fd//Ujd4CHV1iA=="
  "resolved" "https://registry.npmjs.org/undefsafe/-/undefsafe-2.0.5.tgz"
  "version" "2.0.5"

"undici@^5.22.1":
  "integrity" "sha512-1D7w+fvRsqlQ9GscLBwcAJinqcZGHUKjbOmXdlE/v8BvEGXjeWAax+341q44EuTcHXXnfyKNbKRq4Lg7OzhMmg=="
  "resolved" "https://registry.npmjs.org/undici/-/undici-5.23.0.tgz"
  "version" "5.23.0"
  dependencies:
    "busboy" "^1.6.0"

"util-deprecate@^1.0.1":
  "integrity" "sha512-EPD5q1uXyFxJpCrLnCc1nHnq3gOa6DZBocAIiI2TaSCA7VCJ1UJDMagCzIkXNsUYfD1daK//LTEQ8xiIbrHtcw=="
  "resolved" "https://registry.npmjs.org/util-deprecate/-/util-deprecate-1.0.2.tgz"
  "version" "1.0.2"

"uuid@8.3.2":
  "integrity" "sha512-+NYs2QeMWy+GWFOEm9xnn6HCDp0l7QBD7ml8zLUmJ+93Q5NF0NocErnwkTkXVFNiX3/fpC6afS8Dhb/gz7R7eg=="
  "resolved" "https://registry.npmjs.org/uuid/-/uuid-8.3.2.tgz"
  "version" "8.3.2"

"v8-compile-cache-lib@^3.0.1":
  "integrity" "sha512-wa7YjyUGfNZngI/vtK0UHAN+lgDCxBPCylVXGp0zu59Fz5aiGtNXaq3DhIov063MorB+VfufLh3JlF2KdTK3xg=="
  "resolved" "https://registry.npmjs.org/v8-compile-cache-lib/-/v8-compile-cache-lib-3.0.1.tgz"
  "version" "3.0.1"

"webidl-conversions@^3.0.0":
  "integrity" "sha512-2JAn3z8AR6rjK8Sm8orRC0h/bcl/DqL7tRPdGZ4I1CjdF+EaMLmYxBHyXuKL849eucPFhvBoxMsflfOb8kxaeQ=="
  "resolved" "https://registry.npmjs.org/webidl-conversions/-/webidl-conversions-3.0.1.tgz"
  "version" "3.0.1"

"webidl-conversions@^7.0.0":
  "integrity" "sha512-VwddBukDzu71offAQR975unBIGqfKZpM+8ZX6ySk8nYhVoo5CYaZyzt3YBvYtRtO+aoGlqxPg/B87NGVZ/fu6g=="
  "resolved" "https://registry.npmjs.org/webidl-conversions/-/webidl-conversions-7.0.0.tgz"
  "version" "7.0.0"

"whatwg-url@^11.0.0":
  "integrity" "sha512-RKT8HExMpoYx4igMiVMY83lN6UeITKJlBQ+vR/8ZJ8OCdSiN3RwCq+9gH0+Xzj0+5IrM6i4j/6LuvzbZIQgEcQ=="
  "resolved" "https://registry.npmjs.org/whatwg-url/-/whatwg-url-11.0.0.tgz"
  "version" "11.0.0"
  dependencies:
    "tr46" "^3.0.0"
    "webidl-conversions" "^7.0.0"

"whatwg-url@^5.0.0":
  "integrity" "sha512-saE57nupxk6v3HY35+jzBwYa0rKSy0XR8JSxZPwgLr7ys0IBzhGviA1/TUGJLmSVqs8pb9AnvICXEuOHLprYTw=="
  "resolved" "https://registry.npmjs.org/whatwg-url/-/whatwg-url-5.0.0.tgz"
  "version" "5.0.0"
  dependencies:
    "tr46" "~0.0.3"
    "webidl-conversions" "^3.0.0"

"wide-align@^1.1.2":
  "integrity" "sha512-eDMORYaPNZ4sQIuuYPDHdQvf4gyCF9rEEV/yPxGfwPkRodwEgiMUUXTx/dex+Me0wxx53S+NgUHaP7y3MGlDmg=="
  "resolved" "https://registry.npmjs.org/wide-align/-/wide-align-1.1.5.tgz"
  "version" "1.1.5"
  dependencies:
    "string-width" "^1.0.2 || 2 || 3 || 4"

"wrappy@1":
  "integrity" "sha512-l4Sp/DRseor9wL6EvV2+TuQn63dMkPjZ/sp9XkghTEbV9KlPS1xUsZ3u7/IQO4wxtcFB4bgpQPRcR3QCvezPcQ=="
  "resolved" "https://registry.npmjs.org/wrappy/-/wrappy-1.0.2.tgz"
  "version" "1.0.2"

"ws@^8.13.0":
  "integrity" "sha512-x9vcZYTrFPC7aSIbj7sRCYo7L/Xb8Iy+pW0ng0wt2vCJv7M9HOMy0UoN3rr+IFC7hb7vXoqS+P9ktyLLLhO+LA=="
  "resolved" "https://registry.npmjs.org/ws/-/ws-8.13.0.tgz"
  "version" "8.13.0"

"yallist@^4.0.0":
  "integrity" "sha512-3wdGidZyq5PB084XLES5TpOSRA3wjXAlIWMhum2kRcv/41Sn2emQ0dycQW4uZXLejwKvg6EsvbdlVL+FYEct7A=="
  "resolved" "https://registry.npmjs.org/yallist/-/yallist-4.0.0.tgz"
  "version" "4.0.0"

"yn@3.1.1":
  "integrity" "sha512-Ux4ygGWsu2c7isFWe8Yu1YluJmqVhxqK2cLXNQA5AcC3QfbGNpM7fu0Y8b/z16pXLnFxZYvWhd3fhBY9DLmC6Q=="
  "resolved" "https://registry.npmjs.org/yn/-/yn-3.1.1.tgz"
  "version" "3.1.1"
